{
  "pins" : [
    {
      "identity" : "customview_library",
      "kind" : "remoteSourceControl",
      "location" : "https://github.com/sreynin/CustomView_Library.git",
      "state" : {
        "branch" : "main",
        "revision" : "78385cb646c9a248e980a76cb6c07ab8c03642a1"
      }
    },
    {
      "identity" : "sdwebimage",
      "kind" : "remoteSourceControl",
      "location" : "https://github.com/SDWebImage/SDWebImage.git",
      "state" : {
        "revision" : "6e844d19679c9e0833ccc363d7f5a7c5f0c5f5d7",
        "version" : "5.18.1"
      }
    }
  ],
  "version" : 2
}
